
Microsoft Visual Studio Solution File, Format Version 12.00
# Visual Studio Version 17
VisualStudioVersion = 17.7.34031.279
MinimumVisualStudioVersion = 10.0.40219.1
Project("{FAE04EC0-301F-11D3-BF4B-00C04F79EFBC}") = "LHPet", "LHPet\LHPet.csproj", "{27FF70FF-C425-4F94-811B-2086667B7FAE}"
EndProject
Global
	GlobalSection(SolutionConfigurationPlatforms) = preSolution
		Debug|Any CPU = Debug|Any CPU
		Release|Any CPU = Release|Any CPU
	EndGlobalSection
	GlobalSection(ProjectConfigurationPlatforms) = postSolution
		{27FF70FF-C425-4F94-811B-2086667B7FAE}.Debug|Any CPU.ActiveCfg = Debug|Any CPU
		{27FF70FF-C425-4F94-811B-2086667B7FAE}.Debug|Any CPU.Build.0 = Debug|Any CPU
		{27FF70FF-C425-4F94-811B-2086667B7FAE}.Release|Any CPU.ActiveCfg = Release|Any CPU
		{27FF70FF-C425-4F94-811B-2086667B7FAE}.Release|Any CPU.Build.0 = Release|Any CPU
	EndGlobalSection
	GlobalSection(SolutionProperties) = preSolution
		HideSolutionNode = FALSE
	EndGlobalSection
	GlobalSection(ExtensibilityGlobals) = postSolution
		SolutionGuid = {2B98FFF9-D0E9-46FE-9922-02998C28BA26}
	EndGlobalSection
EndGlobal
